
Microsoft Visual Studio Solution File, Format Version 12.00
# Visual Studio 15
VisualStudioVersion = 15.0.26430.16
MinimumVisualStudioVersion = 10.0.40219.1
Project("{FAE04EC0-301F-11D3-BF4B-00C04F79EFBC}") = "GenericServiceFactory", "GenericServiceFactory\GenericServiceFactory.csproj", "{14BE1FF8-5160-45F0-99CD-9D64861B1B97}"
EndProject
Global
	GlobalSection(SolutionConfigurationPlatforms) = preSolution
		Debug|Any CPU = Debug|Any CPU
		Release|Any CPU = Release|Any CPU
	EndGlobalSection
	GlobalSection(ProjectConfigurationPlatforms) = postSolution
		{14BE1FF8-5160-45F0-99CD-9D64861B1B97}.Debug|Any CPU.ActiveCfg = Debug|Any CPU
		{14BE1FF8-5160-45F0-99CD-9D64861B1B97}.Debug|Any CPU.Build.0 = Debug|Any CPU
		{14BE1FF8-5160-45F0-99CD-9D64861B1B97}.Release|Any CPU.ActiveCfg = Release|Any CPU
		{14BE1FF8-5160-45F0-99CD-9D64861B1B97}.Release|Any CPU.Build.0 = Release|Any CPU
	EndGlobalSection
	GlobalSection(SolutionProperties) = preSolution
		HideSolutionNode = FALSE
	EndGlobalSection
EndGlobal
