
Microsoft Visual Studio Solution File, Format Version 12.00
# Visual Studio 15
VisualStudioVersion = 15.0.26430.16
MinimumVisualStudioVersion = 10.0.40219.1
Project("{FAE04EC0-301F-11D3-BF4B-00C04F79EFBC}") = "ArvoreGenealogicaLINQ", "ArvoreGenealogicaLINQ\ArvoreGenealogicaLINQ.csproj", "{2A73D440-8A70-4C1E-8F7E-5E04A42571C2}"
EndProject
Global
	GlobalSection(SolutionConfigurationPlatforms) = preSolution
		Debug|Any CPU = Debug|Any CPU
		Release|Any CPU = Release|Any CPU
	EndGlobalSection
	GlobalSection(ProjectConfigurationPlatforms) = postSolution
		{2A73D440-8A70-4C1E-8F7E-5E04A42571C2}.Debug|Any CPU.ActiveCfg = Debug|Any CPU
		{2A73D440-8A70-4C1E-8F7E-5E04A42571C2}.Debug|Any CPU.Build.0 = Debug|Any CPU
		{2A73D440-8A70-4C1E-8F7E-5E04A42571C2}.Release|Any CPU.ActiveCfg = Release|Any CPU
		{2A73D440-8A70-4C1E-8F7E-5E04A42571C2}.Release|Any CPU.Build.0 = Release|Any CPU
	EndGlobalSection
	GlobalSection(SolutionProperties) = preSolution
		HideSolutionNode = FALSE
	EndGlobalSection
EndGlobal
