
Microsoft Visual Studio Solution File, Format Version 12.00
# Visual Studio 15
VisualStudioVersion = 15.0.26430.16
MinimumVisualStudioVersion = 10.0.40219.1
Project("{FAE04EC0-301F-11D3-BF4B-00C04F79EFBC}") = "Ponto2D_e_3D", "Ponto2D_e_3D\Ponto2D_e_3D.csproj", "{7C52D25F-8FB4-4061-B12D-908C270FC143}"
EndProject
Global
	GlobalSection(SolutionConfigurationPlatforms) = preSolution
		Debug|Any CPU = Debug|Any CPU
		Release|Any CPU = Release|Any CPU
	EndGlobalSection
	GlobalSection(ProjectConfigurationPlatforms) = postSolution
		{7C52D25F-8FB4-4061-B12D-908C270FC143}.Debug|Any CPU.ActiveCfg = Debug|Any CPU
		{7C52D25F-8FB4-4061-B12D-908C270FC143}.Debug|Any CPU.Build.0 = Debug|Any CPU
		{7C52D25F-8FB4-4061-B12D-908C270FC143}.Release|Any CPU.ActiveCfg = Release|Any CPU
		{7C52D25F-8FB4-4061-B12D-908C270FC143}.Release|Any CPU.Build.0 = Release|Any CPU
	EndGlobalSection
	GlobalSection(SolutionProperties) = preSolution
		HideSolutionNode = FALSE
	EndGlobalSection
EndGlobal
